
Microsoft Visual Studio Solution File, Format Version 12.00
# Visual Studio 15
VisualStudioVersion = 15.0.28307.106
MinimumVisualStudioVersion = 10.0.40219.1
Project("{FAE04EC0-301F-11D3-BF4B-00C04F79EFBC}") = "GitProject", "GitProject\GitProject.csproj", "{A631887E-C6ED-4661-8ECE-A729E89700E4}"
EndProject
Global
	GlobalSection(SolutionConfigurationPlatforms) = preSolution
		Debug|Any CPU = Debug|Any CPU
		Release|Any CPU = Release|Any CPU
	EndGlobalSection
	GlobalSection(ProjectConfigurationPlatforms) = postSolution
		{A631887E-C6ED-4661-8ECE-A729E89700E4}.Debug|Any CPU.ActiveCfg = Debug|Any CPU
		{A631887E-C6ED-4661-8ECE-A729E89700E4}.Debug|Any CPU.Build.0 = Debug|Any CPU
		{A631887E-C6ED-4661-8ECE-A729E89700E4}.Release|Any CPU.ActiveCfg = Release|Any CPU
		{A631887E-C6ED-4661-8ECE-A729E89700E4}.Release|Any CPU.Build.0 = Release|Any CPU
	EndGlobalSection
	GlobalSection(SolutionProperties) = preSolution
		HideSolutionNode = FALSE
	EndGlobalSection
	GlobalSection(ExtensibilityGlobals) = postSolution
		SolutionGuid = {846DE983-C5B9-4D9D-BEDF-3DA521A96E5E}
	EndGlobalSection
EndGlobal
